// !$*UTF8*$!
{
	archiveVersion = 1;
	classes = {
	};
	objectVersion = 77;
	objects = {

/* Begin PBXBuildFile section */
		01778397081A214106C4673D /* RoutineWorkspaceViews.swift in Sources */ = {isa = PBXBuildFile; fileRef = BECDCF500E117BF1493C3F22 /* RoutineWorkspaceViews.swift */; };
		02FA8CA62A48D77EE084ECFA /* AssetSheet.swift in Sources */ = {isa = PBXBuildFile; fileRef = 70C1D4CBA0D8153A1F40F895 /* AssetSheet.swift */; };
		079A5A7B2D5C514BD7E7D7DA /* XQPalette.swift in Sources */ = {isa = PBXBuildFile; fileRef = 7845F28C20A4AAFC233A1CC3 /* XQPalette.swift */; };
		079D4F500DBB53D01EEED27D /* FitnessRouter.swift in Sources */ = {isa = PBXBuildFile; fileRef = 810F592D90DDB2F41D38015B /* FitnessRouter.swift */; };
		0E1264644F6DBC28ADE7B953 /* PortfolioStore.swift in Sources */ = {isa = PBXBuildFile; fileRef = A07E799CAA9E84379E45BDB0 /* PortfolioStore.swift */; };
		0F11AD792A861DA40B24BAB4 /* PriceEditorSheet.swift in Sources */ = {isa = PBXBuildFile; fileRef = 710FBB65A138585C147C77C2 /* PriceEditorSheet.swift */; };
		10DA5C73754974992F84613D /* BuyLotEditingTests.swift in Sources */ = {isa = PBXBuildFile; fileRef = CEA16A6EACD04778FF0E6294 /* BuyLotEditingTests.swift */; };
		1C68DDF3B8023DDC1C6CA75A /* Formatting.swift in Sources */ = {isa = PBXBuildFile; fileRef = E9C531B8CEE015148E2BACCC /* Formatting.swift */; };
		1CE667373FF3E7FC816C6177 /* AssetCardView.swift in Sources */ = {isa = PBXBuildFile; fileRef = B45B046D5D8AADCA3976AA75 /* AssetCardView.swift */; };
		1D4248640C83F22A42935316 /* PortfolioSummaryView.swift in Sources */ = {isa = PBXBuildFile; fileRef = 335E0E8E135A1771A180D663 /* PortfolioSummaryView.swift */; };
		2055BA65FBA11D13285D762F /* AssetIconView.swift in Sources */ = {isa = PBXBuildFile; fileRef = 67728ED0A85428E6D669F9E5 /* AssetIconView.swift */; };
		221B0215C80032927EBC8D14 /* SevenDaySnapshotTests.swift in Sources */ = {isa = PBXBuildFile; fileRef = C2A10C6DF7AB96D2AB390FA8 /* SevenDaySnapshotTests.swift */; };
		27F1DE3B7268A7888F788B50 /* PersistenceSmokeTestRunner.swift in Sources */ = {isa = PBXBuildFile; fileRef = CEC87E882799EE91D19ABC23 /* PersistenceSmokeTestRunner.swift */; };
		2F76FA0DE387F826D99FA374 /* AssetModelScreens.swift in Sources */ = {isa = PBXBuildFile; fileRef = 9E68A477F094E63391EFD533 /* AssetModelScreens.swift */; };
		326A7019ED731568E605445E /* PortfolioViewModelTests.swift in Sources */ = {isa = PBXBuildFile; fileRef = 435DBF83DA1AA2B0F78B03C3 /* PortfolioViewModelTests.swift */; };
		3483ACEEB92FC6C52CB1D047 /* MultiDayExerciseTests.swift in Sources */ = {isa = PBXBuildFile; fileRef = 290F4FB1B680FB5BC8110DF7 /* MultiDayExerciseTests.swift */; };
		35124CB0205B7E5177F311B2 /* EmptyPortfolioView.swift in Sources */ = {isa = PBXBuildFile; fileRef = 6268B01F323E61B393EA04EA /* EmptyPortfolioView.swift */; };
		382F28FFC08CE9145D659820 /* AddAssetSheet.swift in Sources */ = {isa = PBXBuildFile; fileRef = EB99E56FF55A154FD0E9916C /* AddAssetSheet.swift */; };
		389DC559D11BB1FAC589BDD6 /* DisplayCurrency.swift in Sources */ = {isa = PBXBuildFile; fileRef = 2EAE1137E138D9BC20C57520 /* DisplayCurrency.swift */; };
		3A1011EAA1990E201A314F7D /* AssetDeckView.swift in Sources */ = {isa = PBXBuildFile; fileRef = B19F2EE9586C46B8D430D9CD /* AssetDeckView.swift */; };
		3B964D59661EA537EBC41819 /* TransactionSelection.swift in Sources */ = {isa = PBXBuildFile; fileRef = 6B8B87970F0B0FFC7BB0A454 /* TransactionSelection.swift */; };
		3ED1C5BDA904489806C52C61 /* FinanceCore in Frameworks */ = {isa = PBXBuildFile; productRef = 2D873678325DDA0966A507BE /* FinanceCore */; };
		467ECC4C9A251CAD3B0A651F /* Assets.xcassets in Resources */ = {isa = PBXBuildFile; fileRef = DE2628BB9C63DAC245D5C6B3 /* Assets.xcassets */; };
		493009F225460AF74C919EBF /* AssetModelViews.swift in Sources */ = {isa = PBXBuildFile; fileRef = 3E069388DD87B0498B05FDA6 /* AssetModelViews.swift */; };
		4E549C23CEBB3FF147279AD3 /* TransactionRow.swift in Sources */ = {isa = PBXBuildFile; fileRef = 0B93E2F6180F83D80D7BE34B /* TransactionRow.swift */; };
		52329CE01189B9B49B78102F /* ExchangeRateEditorView.swift in Sources */ = {isa = PBXBuildFile; fileRef = 65301295CAF4E83E3F5C85DE /* ExchangeRateEditorView.swift */; };
		5BD512AD15C0A6F2820B2C82 /* XQXCUITestSupport in Frameworks */ = {isa = PBXBuildFile; productRef = D0B2DA7F84CBB7CFC113AAD5 /* XQXCUITestSupport */; };
		5D649CF2A77530E044A802B0 /* SwipeDirection.swift in Sources */ = {isa = PBXBuildFile; fileRef = 613175C0AB73151BDF098976 /* SwipeDirection.swift */; };
		5E2EDE6111ED45B9C2DE1A88 /* PortfolioViewModel.swift in Sources */ = {isa = PBXBuildFile; fileRef = 14BC6826AC8C5EF09051E747 /* PortfolioViewModel.swift */; };
		63059736B61092E6FEB59DF7 /* AssetDeckNavigationTests.swift in Sources */ = {isa = PBXBuildFile; fileRef = 4B9F872A821D31426D5C0DB9 /* AssetDeckNavigationTests.swift */; };
		6A84DA9EAA9502C6DA0E426B /* FinanceAccessibility.swift in Sources */ = {isa = PBXBuildFile; fileRef = 67B21DA31660492183E3ED03 /* FinanceAccessibility.swift */; };
		7B0F113AAC9CDFCE01C49A64 /* FitnessTestApplication.swift in Sources */ = {isa = PBXBuildFile; fileRef = 36A8E15BC940BF4088005EF8 /* FitnessTestApplication.swift */; };
		7D458380F0A6A9AED55655C1 /* ExchangeRateSheet.swift in Sources */ = {isa = PBXBuildFile; fileRef = 87DF3D936B93A7A9776F20CD /* ExchangeRateSheet.swift */; };
		8B08D76CDBB518F3026166ED /* FitnessAccessibility.swift in Sources */ = {isa = PBXBuildFile; fileRef = 0167E525C970344BD56D305A /* FitnessAccessibility.swift */; };
		8C4EBDB26C1597F5229A1597 /* RoutineLifecycleTests.swift in Sources */ = {isa = PBXBuildFile; fileRef = 7177D672F8DA5237842444A2 /* RoutineLifecycleTests.swift */; };
		8C5D7F0754BA0E669DAF0BF6 /* FitnessAccessibility.swift in Sources */ = {isa = PBXBuildFile; fileRef = 0167E525C970344BD56D305A /* FitnessAccessibility.swift */; };
		8D84EFA8C1BBC750CBAB7CA6 /* ExerciseEditorView.swift in Sources */ = {isa = PBXBuildFile; fileRef = 0329BE508A08A08ACC8274EC /* ExerciseEditorView.swift */; };
		93DCCCD337A96CB747EBCE17 /* CurrencyToggleView.swift in Sources */ = {isa = PBXBuildFile; fileRef = 977562C60332D763275DC841 /* CurrencyToggleView.swift */; };
		94EC49E824C4F7C8113B30D5 /* TransactionHeaderRow.swift in Sources */ = {isa = PBXBuildFile; fileRef = 29ADE65BB84B26F3E2EC5DB5 /* TransactionHeaderRow.swift */; };
		9AE911466CD6BCDE9BE2FDB1 /* KeychainPortfolioSnapshot.swift in Sources */ = {isa = PBXBuildFile; fileRef = 7C00B059C3B262781C3C203A /* KeychainPortfolioSnapshot.swift */; };
		A5D5554490584F6FA57D424C /* SnapshotMaintainedProgressTests.swift in Sources */ = {isa = PBXBuildFile; fileRef = 3D8C88E7222BD5D3AC928A4F /* SnapshotMaintainedProgressTests.swift */; };
		A9A07FC67A3BDA4D0782FF09 /* TestApplication.swift in Sources */ = {isa = PBXBuildFile; fileRef = D6D936B784B8958FD1B7B4C3 /* TestApplication.swift */; };
		B14D22F9FA86F29154195E4D /* RoutineEditorScreen.swift in Sources */ = {isa = PBXBuildFile; fileRef = 426782CD3DE32D0B7BB431AE /* RoutineEditorScreen.swift */; };
		B1C8ACBC93FE8AFCFE61CBE0 /* XQAccessibilityIdentifier.swift in Sources */ = {isa = PBXBuildFile; fileRef = C55DCABEC2C9E80108AA07E1 /* XQAccessibilityIdentifier.swift */; };
		B343746F0BA6B6455074F73A /* RoutineListScreen.swift in Sources */ = {isa = PBXBuildFile; fileRef = 1F0881CFB27014592EBC7A07 /* RoutineListScreen.swift */; };
		B3FB4CFC2DE85BA20B5AE320 /* AssetCurrency.swift in Sources */ = {isa = PBXBuildFile; fileRef = 8282BAEF16489B1F731B6981 /* AssetCurrency.swift */; };
		BAA08DE3F32D3AD18B49E150 /* BuyLotEditorSheet.swift in Sources */ = {isa = PBXBuildFile; fileRef = 7369D10897662A1F58CCD232 /* BuyLotEditorSheet.swift */; };
		C060250CED5EE3FB5E9473A1 /* App.swift in Sources */ = {isa = PBXBuildFile; fileRef = AD4B6A59787BAB97B7C2FBB1 /* App.swift */; };
		C77A38AA3D3DA87958FAD862 /* SuperAppContractTests.swift in Sources */ = {isa = PBXBuildFile; fileRef = 9D4307A1E9B08BFF8BAD80C1 /* SuperAppContractTests.swift */; };
		CE541F2D08661B4E605B9FE0 /* RoutineListTests.swift in Sources */ = {isa = PBXBuildFile; fileRef = 3760F326307F8A031491B9E0 /* RoutineListTests.swift */; };
		D080E0961EAA7CF743D5C579 /* XQAccessibilityIdentifier.swift in Sources */ = {isa = PBXBuildFile; fileRef = C55DCABEC2C9E80108AA07E1 /* XQAccessibilityIdentifier.swift */; };
		D51B511B64687DA39C3059D3 /* SnapshotReportView.swift in Sources */ = {isa = PBXBuildFile; fileRef = 4122956E4DC4AA5B000B36FF /* SnapshotReportView.swift */; };
		DBF5B1D84382AD747067D22F /* RoutineWorkspaceScreen.swift in Sources */ = {isa = PBXBuildFile; fileRef = 230432BCB88B2F73ABC6C932 /* RoutineWorkspaceScreen.swift */; };
		DD0116A1D1E73FF537E4B219 /* FinanceAppSummary.swift in Sources */ = {isa = PBXBuildFile; fileRef = 2B1528EBDD9517DF7E8677D3 /* FinanceAppSummary.swift */; };
		DD50EE2B5EE1BB085F58822F /* HeaderView.swift in Sources */ = {isa = PBXBuildFile; fileRef = 1AD4C1EAB3303357BEA41AFC /* HeaderView.swift */; };
		E0A7CB36E87F0D2FA08033CC /* AppTests.swift in Sources */ = {isa = PBXBuildFile; fileRef = 1FC3EF28A4651572DF5A3739 /* AppTests.swift */; };
		E1428E9CB0F1778B8498E0A9 /* AssetModelE2ETests.swift in Sources */ = {isa = PBXBuildFile; fileRef = 548A54E553BC01D61089FBEF /* AssetModelE2ETests.swift */; };
		E3D97BBF5D9AFA7D2093823E /* SuperAppShellTests.swift in Sources */ = {isa = PBXBuildFile; fileRef = 43D4C6A580CAB7811D285FA5 /* SuperAppShellTests.swift */; };
		E406B3E44CD3B6F6743A3124 /* ContentView.swift in Sources */ = {isa = PBXBuildFile; fileRef = EF0AFB7EE7CF7489E2CE47E5 /* ContentView.swift */; };
		EA1E544F5811E5E18F40714C /* SuperAppAccessibility.swift in Sources */ = {isa = PBXBuildFile; fileRef = 2EFA96EC08CE500BD36257AD /* SuperAppAccessibility.swift */; };
		EB30C75873972D0DDB1B6F54 /* FitnessCore in Frameworks */ = {isa = PBXBuildFile; productRef = 8DCD7EA80C4BBF538A0CD9C8 /* FitnessCore */; };
		EECF56ABAEF36B4AA1EF3E59 /* BuyTransaction.swift in Sources */ = {isa = PBXBuildFile; fileRef = 316F1B20A470FAC986A88CE3 /* BuyTransaction.swift */; };
		EF88CFEACD19651E7CECE8A7 /* FitnessViews.swift in Sources */ = {isa = PBXBuildFile; fileRef = 182B4A45027949E88F38C1B6 /* FitnessViews.swift */; };
		F2BF486A613189B520458215 /* PortfolioSnapshot.swift in Sources */ = {isa = PBXBuildFile; fileRef = 9D74C9424D6ADE62CEE8893E /* PortfolioSnapshot.swift */; };
		F5B1E6FC5101F7FA8C058331 /* ExerciseEditorValidationTests.swift in Sources */ = {isa = PBXBuildFile; fileRef = 51DDD35EE0AA748D70871B6B /* ExerciseEditorValidationTests.swift */; };
		F614B568901EE9EC0F0ADE4A /* AssetDeckNavigation.swift in Sources */ = {isa = PBXBuildFile; fileRef = DA4A4D69C11F55FF32B13079 /* AssetDeckNavigation.swift */; };
		FA44498ECAAD8D581C90BB5E /* SuperAppAccessibility.swift in Sources */ = {isa = PBXBuildFile; fileRef = 2EFA96EC08CE500BD36257AD /* SuperAppAccessibility.swift */; };
		FAB36DC49724C7766F0CA880 /* FinanceAsset.swift in Sources */ = {isa = PBXBuildFile; fileRef = 02E2A592436C645AACC0D4A2 /* FinanceAsset.swift */; };
		FE903E83DEA60C8EE96BB93E /* RoutineEditorValidationTests.swift in Sources */ = {isa = PBXBuildFile; fileRef = BA8D60C690BB5A63DFDF8A1A /* RoutineEditorValidationTests.swift */; };
/* End PBXBuildFile section */

/* Begin PBXContainerItemProxy section */
		413CCD0D9DBCA3F9BEEF371B /* PBXContainerItemProxy */ = {
			isa = PBXContainerItemProxy;
			containerPortal = 6353B38A5902F3A5D03EC4D3 /* Project object */;
			proxyType = 1;
			remoteGlobalIDString = C27FCCEB6FC4AC26D427F0C9;
			remoteInfo = "ios-xq-finance-app";
		};
		E98C6A9AE0C298E33A2379F9 /* PBXContainerItemProxy */ = {
			isa = PBXContainerItemProxy;
			containerPortal = 6353B38A5902F3A5D03EC4D3 /* Project object */;
			proxyType = 1;
			remoteGlobalIDString = C27FCCEB6FC4AC26D427F0C9;
			remoteInfo = "ios-xq-finance-app";
		};
/* End PBXContainerItemProxy section */

/* Begin PBXFileReference section */
		0167E525C970344BD56D305A /* FitnessAccessibility.swift */ = {isa = PBXFileReference; lastKnownFileType = sourcecode.swift; path = FitnessAccessibility.swift; sourceTree = "<group>"; };
		02AF278EAC6A763ED2B8B48D /* ios-xq-finance-app.app */ = {isa = PBXFileReference; explicitFileType = wrapper.application; includeInIndex = 0; path = "ios-xq-finance-app.app"; sourceTree = BUILT_PRODUCTS_DIR; };
		02E2A592436C645AACC0D4A2 /* FinanceAsset.swift */ = {isa = PBXFileReference; lastKnownFileType = sourcecode.swift; path = FinanceAsset.swift; sourceTree = "<group>"; };
		0329BE508A08A08ACC8274EC /* ExerciseEditorView.swift */ = {isa = PBXFileReference; lastKnownFileType = sourcecode.swift; path = ExerciseEditorView.swift; sourceTree = "<group>"; };
		0B93E2F6180F83D80D7BE34B /* TransactionRow.swift */ = {isa = PBXFileReference; lastKnownFileType = sourcecode.swift; path = TransactionRow.swift; sourceTree = "<group>"; };
		14BC6826AC8C5EF09051E747 /* PortfolioViewModel.swift */ = {isa = PBXFileReference; lastKnownFileType = sourcecode.swift; path = PortfolioViewModel.swift; sourceTree = "<group>"; };
		182B4A45027949E88F38C1B6 /* FitnessViews.swift */ = {isa = PBXFileReference; lastKnownFileType = sourcecode.swift; path = FitnessViews.swift; sourceTree = "<group>"; };
		1AD4C1EAB3303357BEA41AFC /* HeaderView.swift */ = {isa = PBXFileReference; lastKnownFileType = sourcecode.swift; path = HeaderView.swift; sourceTree = "<group>"; };
		1F0881CFB27014592EBC7A07 /* RoutineListScreen.swift */ = {isa = PBXFileReference; lastKnownFileType = sourcecode.swift; path = RoutineListScreen.swift; sourceTree = "<group>"; };
		1FC3EF28A4651572DF5A3739 /* AppTests.swift */ = {isa = PBXFileReference; lastKnownFileType = sourcecode.swift; path = AppTests.swift; sourceTree = "<group>"; };
		230432BCB88B2F73ABC6C932 /* RoutineWorkspaceScreen.swift */ = {isa = PBXFileReference; lastKnownFileType = sourcecode.swift; path = RoutineWorkspaceScreen.swift; sourceTree = "<group>"; };
		290F4FB1B680FB5BC8110DF7 /* MultiDayExerciseTests.swift */ = {isa = PBXFileReference; lastKnownFileType = sourcecode.swift; path = MultiDayExerciseTests.swift; sourceTree = "<group>"; };
		29ADE65BB84B26F3E2EC5DB5 /* TransactionHeaderRow.swift */ = {isa = PBXFileReference; lastKnownFileType = sourcecode.swift; path = TransactionHeaderRow.swift; sourceTree = "<group>"; };
		2B1528EBDD9517DF7E8677D3 /* FinanceAppSummary.swift */ = {isa = PBXFileReference; lastKnownFileType = sourcecode.swift; path = FinanceAppSummary.swift; sourceTree = "<group>"; };
		2EAE1137E138D9BC20C57520 /* DisplayCurrency.swift */ = {isa = PBXFileReference; lastKnownFileType = sourcecode.swift; path = DisplayCurrency.swift; sourceTree = "<group>"; };
		2EFA96EC08CE500BD36257AD /* SuperAppAccessibility.swift */ = {isa = PBXFileReference; lastKnownFileType = sourcecode.swift; path = SuperAppAccessibility.swift; sourceTree = "<group>"; };
		316F1B20A470FAC986A88CE3 /* BuyTransaction.swift */ = {isa = PBXFileReference; lastKnownFileType = sourcecode.swift; path = BuyTransaction.swift; sourceTree = "<group>"; };
		335E0E8E135A1771A180D663 /* PortfolioSummaryView.swift */ = {isa = PBXFileReference; lastKnownFileType = sourcecode.swift; path = PortfolioSummaryView.swift; sourceTree = "<group>"; };
		36A8E15BC940BF4088005EF8 /* FitnessTestApplication.swift */ = {isa = PBXFileReference; lastKnownFileType = sourcecode.swift; path = FitnessTestApplication.swift; sourceTree = "<group>"; };
		3760F326307F8A031491B9E0 /* RoutineListTests.swift */ = {isa = PBXFileReference; lastKnownFileType = sourcecode.swift; path = RoutineListTests.swift; sourceTree = "<group>"; };
		3D8C88E7222BD5D3AC928A4F /* SnapshotMaintainedProgressTests.swift */ = {isa = PBXFileReference; lastKnownFileType = sourcecode.swift; path = SnapshotMaintainedProgressTests.swift; sourceTree = "<group>"; };
		3E069388DD87B0498B05FDA6 /* AssetModelViews.swift */ = {isa = PBXFileReference; lastKnownFileType = sourcecode.swift; path = AssetModelViews.swift; sourceTree = "<group>"; };
		4122956E4DC4AA5B000B36FF /* SnapshotReportView.swift */ = {isa = PBXFileReference; lastKnownFileType = sourcecode.swift; path = SnapshotReportView.swift; sourceTree = "<group>"; };
		426782CD3DE32D0B7BB431AE /* RoutineEditorScreen.swift */ = {isa = PBXFileReference; lastKnownFileType = sourcecode.swift; path = RoutineEditorScreen.swift; sourceTree = "<group>"; };
		435DBF83DA1AA2B0F78B03C3 /* PortfolioViewModelTests.swift */ = {isa = PBXFileReference; lastKnownFileType = sourcecode.swift; path = PortfolioViewModelTests.swift; sourceTree = "<group>"; };
		43D4C6A580CAB7811D285FA5 /* SuperAppShellTests.swift */ = {isa = PBXFileReference; lastKnownFileType = sourcecode.swift; path = SuperAppShellTests.swift; sourceTree = "<group>"; };
		4B9F872A821D31426D5C0DB9 /* AssetDeckNavigationTests.swift */ = {isa = PBXFileReference; lastKnownFileType = sourcecode.swift; path = AssetDeckNavigationTests.swift; sourceTree = "<group>"; };
		51DDD35EE0AA748D70871B6B /* ExerciseEditorValidationTests.swift */ = {isa = PBXFileReference; lastKnownFileType = sourcecode.swift; path = ExerciseEditorValidationTests.swift; sourceTree = "<group>"; };
		548A54E553BC01D61089FBEF /* AssetModelE2ETests.swift */ = {isa = PBXFileReference; lastKnownFileType = sourcecode.swift; path = AssetModelE2ETests.swift; sourceTree = "<group>"; };
		613175C0AB73151BDF098976 /* SwipeDirection.swift */ = {isa = PBXFileReference; lastKnownFileType = sourcecode.swift; path = SwipeDirection.swift; sourceTree = "<group>"; };
		6268B01F323E61B393EA04EA /* EmptyPortfolioView.swift */ = {isa = PBXFileReference; lastKnownFileType = sourcecode.swift; path = EmptyPortfolioView.swift; sourceTree = "<group>"; };
		65301295CAF4E83E3F5C85DE /* ExchangeRateEditorView.swift */ = {isa = PBXFileReference; lastKnownFileType = sourcecode.swift; path = ExchangeRateEditorView.swift; sourceTree = "<group>"; };
		67728ED0A85428E6D669F9E5 /* AssetIconView.swift */ = {isa = PBXFileReference; lastKnownFileType = sourcecode.swift; path = AssetIconView.swift; sourceTree = "<group>"; };
		67B21DA31660492183E3ED03 /* FinanceAccessibility.swift */ = {isa = PBXFileReference; lastKnownFileType = sourcecode.swift; path = FinanceAccessibility.swift; sourceTree = "<group>"; };
		6B8B87970F0B0FFC7BB0A454 /* TransactionSelection.swift */ = {isa = PBXFileReference; lastKnownFileType = sourcecode.swift; path = TransactionSelection.swift; sourceTree = "<group>"; };
		70C1D4CBA0D8153A1F40F895 /* AssetSheet.swift */ = {isa = PBXFileReference; lastKnownFileType = sourcecode.swift; path = AssetSheet.swift; sourceTree = "<group>"; };
		710FBB65A138585C147C77C2 /* PriceEditorSheet.swift */ = {isa = PBXFileReference; lastKnownFileType = sourcecode.swift; path = PriceEditorSheet.swift; sourceTree = "<group>"; };
		7177D672F8DA5237842444A2 /* RoutineLifecycleTests.swift */ = {isa = PBXFileReference; lastKnownFileType = sourcecode.swift; path = RoutineLifecycleTests.swift; sourceTree = "<group>"; };
		7369D10897662A1F58CCD232 /* BuyLotEditorSheet.swift */ = {isa = PBXFileReference; lastKnownFileType = sourcecode.swift; path = BuyLotEditorSheet.swift; sourceTree = "<group>"; };
		7845F28C20A4AAFC233A1CC3 /* XQPalette.swift */ = {isa = PBXFileReference; lastKnownFileType = sourcecode.swift; path = XQPalette.swift; sourceTree = "<group>"; };
		7C00B059C3B262781C3C203A /* KeychainPortfolioSnapshot.swift */ = {isa = PBXFileReference; lastKnownFileType = sourcecode.swift; path = KeychainPortfolioSnapshot.swift; sourceTree = "<group>"; };
		810F592D90DDB2F41D38015B /* FitnessRouter.swift */ = {isa = PBXFileReference; lastKnownFileType = sourcecode.swift; path = FitnessRouter.swift; sourceTree = "<group>"; };
		812300C42A31FA8950FD2845 /* ios-xq-finance-appUITests.xctest */ = {isa = PBXFileReference; explicitFileType = wrapper.cfbundle; includeInIndex = 0; path = "ios-xq-finance-appUITests.xctest"; sourceTree = BUILT_PRODUCTS_DIR; };
		8282BAEF16489B1F731B6981 /* AssetCurrency.swift */ = {isa = PBXFileReference; lastKnownFileType = sourcecode.swift; path = AssetCurrency.swift; sourceTree = "<group>"; };
		87DF3D936B93A7A9776F20CD /* ExchangeRateSheet.swift */ = {isa = PBXFileReference; lastKnownFileType = sourcecode.swift; path = ExchangeRateSheet.swift; sourceTree = "<group>"; };
		905B9071D381918D7C83A1AE /* FitnessCore */ = {isa = PBXFileReference; lastKnownFileType = folder; path = FitnessCore; sourceTree = SOURCE_ROOT; };
		977562C60332D763275DC841 /* CurrencyToggleView.swift */ = {isa = PBXFileReference; lastKnownFileType = sourcecode.swift; path = CurrencyToggleView.swift; sourceTree = "<group>"; };
		9D4307A1E9B08BFF8BAD80C1 /* SuperAppContractTests.swift */ = {isa = PBXFileReference; lastKnownFileType = sourcecode.swift; path = SuperAppContractTests.swift; sourceTree = "<group>"; };
		9D74C9424D6ADE62CEE8893E /* PortfolioSnapshot.swift */ = {isa = PBXFileReference; lastKnownFileType = sourcecode.swift; path = PortfolioSnapshot.swift; sourceTree = "<group>"; };
		9E68A477F094E63391EFD533 /* AssetModelScreens.swift */ = {isa = PBXFileReference; lastKnownFileType = sourcecode.swift; path = AssetModelScreens.swift; sourceTree = "<group>"; };
		A07E799CAA9E84379E45BDB0 /* PortfolioStore.swift */ = {isa = PBXFileReference; lastKnownFileType = sourcecode.swift; path = PortfolioStore.swift; sourceTree = "<group>"; };
		AD4B6A59787BAB97B7C2FBB1 /* App.swift */ = {isa = PBXFileReference; lastKnownFileType = sourcecode.swift; path = App.swift; sourceTree = "<group>"; };
		B19F2EE9586C46B8D430D9CD /* AssetDeckView.swift */ = {isa = PBXFileReference; lastKnownFileType = sourcecode.swift; path = AssetDeckView.swift; sourceTree = "<group>"; };
		B45B046D5D8AADCA3976AA75 /* AssetCardView.swift */ = {isa = PBXFileReference; lastKnownFileType = sourcecode.swift; path = AssetCardView.swift; sourceTree = "<group>"; };
		BA8D60C690BB5A63DFDF8A1A /* RoutineEditorValidationTests.swift */ = {isa = PBXFileReference; lastKnownFileType = sourcecode.swift; path = RoutineEditorValidationTests.swift; sourceTree = "<group>"; };
		BECDCF500E117BF1493C3F22 /* RoutineWorkspaceViews.swift */ = {isa = PBXFileReference; lastKnownFileType = sourcecode.swift; path = RoutineWorkspaceViews.swift; sourceTree = "<group>"; };
		C2A10C6DF7AB96D2AB390FA8 /* SevenDaySnapshotTests.swift */ = {isa = PBXFileReference; lastKnownFileType = sourcecode.swift; path = SevenDaySnapshotTests.swift; sourceTree = "<group>"; };
		C55DCABEC2C9E80108AA07E1 /* XQAccessibilityIdentifier.swift */ = {isa = PBXFileReference; lastKnownFileType = sourcecode.swift; path = XQAccessibilityIdentifier.swift; sourceTree = "<group>"; };
		CEA16A6EACD04778FF0E6294 /* BuyLotEditingTests.swift */ = {isa = PBXFileReference; lastKnownFileType = sourcecode.swift; path = BuyLotEditingTests.swift; sourceTree = "<group>"; };
		CEC87E882799EE91D19ABC23 /* PersistenceSmokeTestRunner.swift */ = {isa = PBXFileReference; lastKnownFileType = sourcecode.swift; path = PersistenceSmokeTestRunner.swift; sourceTree = "<group>"; };
		D6D936B784B8958FD1B7B4C3 /* TestApplication.swift */ = {isa = PBXFileReference; lastKnownFileType = sourcecode.swift; path = TestApplication.swift; sourceTree = "<group>"; };
		DA4A4D69C11F55FF32B13079 /* AssetDeckNavigation.swift */ = {isa = PBXFileReference; lastKnownFileType = sourcecode.swift; path = AssetDeckNavigation.swift; sourceTree = "<group>"; };
		DB8E07A435A0CCDD09E9729F /* ios-xq-finance-appTests.xctest */ = {isa = PBXFileReference; explicitFileType = wrapper.cfbundle; includeInIndex = 0; path = "ios-xq-finance-appTests.xctest"; sourceTree = BUILT_PRODUCTS_DIR; };
		DE2628BB9C63DAC245D5C6B3 /* Assets.xcassets */ = {isa = PBXFileReference; lastKnownFileType = folder.assetcatalog; path = Assets.xcassets; sourceTree = "<group>"; };
		E9C531B8CEE015148E2BACCC /* Formatting.swift */ = {isa = PBXFileReference; lastKnownFileType = sourcecode.swift; path = Formatting.swift; sourceTree = "<group>"; };
		EB4A4168611A9793B9D509BB /* FinanceCore */ = {isa = PBXFileReference; lastKnownFileType = folder; path = FinanceCore; sourceTree = SOURCE_ROOT; };
		EB99E56FF55A154FD0E9916C /* AddAssetSheet.swift */ = {isa = PBXFileReference; lastKnownFileType = sourcecode.swift; path = AddAssetSheet.swift; sourceTree = "<group>"; };
		EF0AFB7EE7CF7489E2CE47E5 /* ContentView.swift */ = {isa = PBXFileReference; lastKnownFileType = sourcecode.swift; path = ContentView.swift; sourceTree = "<group>"; };
/* End PBXFileReference section */

/* Begin PBXFrameworksBuildPhase section */
		347469A2A6CF7A8BDEA36728 /* Frameworks */ = {
			isa = PBXFrameworksBuildPhase;
			buildActionMask = 2147483647;
			files = (
				5BD512AD15C0A6F2820B2C82 /* XQXCUITestSupport in Frameworks */,
			);
			runOnlyForDeploymentPostprocessing = 0;
		};
		6B476DE7D82D47BA3A268431 /* Frameworks */ = {
			isa = PBXFrameworksBuildPhase;
			buildActionMask = 2147483647;
			files = (
				3ED1C5BDA904489806C52C61 /* FinanceCore in Frameworks */,
				EB30C75873972D0DDB1B6F54 /* FitnessCore in Frameworks */,
			);
			runOnlyForDeploymentPostprocessing = 0;
		};
/* End PBXFrameworksBuildPhase section */

/* Begin PBXGroup section */
		1157C4DA6D7E9E0B53DD3985 /* AppTests */ = {
			isa = PBXGroup;
			children = (
				1FC3EF28A4651572DF5A3739 /* AppTests.swift */,
				4B9F872A821D31426D5C0DB9 /* AssetDeckNavigationTests.swift */,
				CEA16A6EACD04778FF0E6294 /* BuyLotEditingTests.swift */,
				435DBF83DA1AA2B0F78B03C3 /* PortfolioViewModelTests.swift */,
				9D4307A1E9B08BFF8BAD80C1 /* SuperAppContractTests.swift */,
			);
			path = AppTests;
			sourceTree = "<group>";
		};
		1F9F9C6FF787D0650DA53423 /* Views */ = {
			isa = PBXGroup;
			children = (
				EF0AFB7EE7CF7489E2CE47E5 /* ContentView.swift */,
				48E1C20FF7EB0E157250975B /* Portfolio */,
				4C03364E6CE32DB09B759D7D /* Sheets */,
			);
			path = Views;
			sourceTree = "<group>";
		};
		26D805D9656D94B13FB90ACE = {
			isa = PBXGroup;
			children = (
				AC51796063A86707FBC7D0ED /* App */,
				1157C4DA6D7E9E0B53DD3985 /* AppTests */,
				44C858BCE642B75176323C8D /* AppUITests */,
				6E997DDB70B526E9FDFA4461 /* Packages */,
				64D6E97C352362C51EE2943B /* Products */,
			);
			sourceTree = "<group>";
		};
		352C8F11B6FADFA45A217178 /* AssetModel */ = {
			isa = PBXGroup;
			children = (
				3E069388DD87B0498B05FDA6 /* AssetModelViews.swift */,
				67B21DA31660492183E3ED03 /* FinanceAccessibility.swift */,
			);
			path = AssetModel;
			sourceTree = "<group>";
		};
		44C858BCE642B75176323C8D /* AppUITests */ = {
			isa = PBXGroup;
			children = (
				548A54E553BC01D61089FBEF /* AssetModelE2ETests.swift */,
				9E68A477F094E63391EFD533 /* AssetModelScreens.swift */,
				51DDD35EE0AA748D70871B6B /* ExerciseEditorValidationTests.swift */,
				36A8E15BC940BF4088005EF8 /* FitnessTestApplication.swift */,
				290F4FB1B680FB5BC8110DF7 /* MultiDayExerciseTests.swift */,
				426782CD3DE32D0B7BB431AE /* RoutineEditorScreen.swift */,
				BA8D60C690BB5A63DFDF8A1A /* RoutineEditorValidationTests.swift */,
				7177D672F8DA5237842444A2 /* RoutineLifecycleTests.swift */,
				1F0881CFB27014592EBC7A07 /* RoutineListScreen.swift */,
				3760F326307F8A031491B9E0 /* RoutineListTests.swift */,
				230432BCB88B2F73ABC6C932 /* RoutineWorkspaceScreen.swift */,
				C2A10C6DF7AB96D2AB390FA8 /* SevenDaySnapshotTests.swift */,
				3D8C88E7222BD5D3AC928A4F /* SnapshotMaintainedProgressTests.swift */,
				43D4C6A580CAB7811D285FA5 /* SuperAppShellTests.swift */,
				D6D936B784B8958FD1B7B4C3 /* TestApplication.swift */,
			);
			path = AppUITests;
			sourceTree = "<group>";
		};
		48E1C20FF7EB0E157250975B /* Portfolio */ = {
			isa = PBXGroup;
			children = (
				B45B046D5D8AADCA3976AA75 /* AssetCardView.swift */,
				B19F2EE9586C46B8D430D9CD /* AssetDeckView.swift */,
				67728ED0A85428E6D669F9E5 /* AssetIconView.swift */,
				977562C60332D763275DC841 /* CurrencyToggleView.swift */,
				6268B01F323E61B393EA04EA /* EmptyPortfolioView.swift */,
				65301295CAF4E83E3F5C85DE /* ExchangeRateEditorView.swift */,
				87DF3D936B93A7A9776F20CD /* ExchangeRateSheet.swift */,
				1AD4C1EAB3303357BEA41AFC /* HeaderView.swift */,
				335E0E8E135A1771A180D663 /* PortfolioSummaryView.swift */,
				29ADE65BB84B26F3E2EC5DB5 /* TransactionHeaderRow.swift */,
				0B93E2F6180F83D80D7BE34B /* TransactionRow.swift */,
			);
			path = Portfolio;
			sourceTree = "<group>";
		};
		4C03364E6CE32DB09B759D7D /* Sheets */ = {
			isa = PBXGroup;
			children = (
				EB99E56FF55A154FD0E9916C /* AddAssetSheet.swift */,
				7369D10897662A1F58CCD232 /* BuyLotEditorSheet.swift */,
				710FBB65A138585C147C77C2 /* PriceEditorSheet.swift */,
			);
			path = Sheets;
			sourceTree = "<group>";
		};
		5189536FE8F821DEC1A794B9 /* ViewModels */ = {
			isa = PBXGroup;
			children = (
				14BC6826AC8C5EF09051E747 /* PortfolioViewModel.swift */,
			);
			path = ViewModels;
			sourceTree = "<group>";
		};
		64D6E97C352362C51EE2943B /* Products */ = {
			isa = PBXGroup;
			children = (
				02AF278EAC6A763ED2B8B48D /* ios-xq-finance-app.app */,
				DB8E07A435A0CCDD09E9729F /* ios-xq-finance-appTests.xctest */,
				812300C42A31FA8950FD2845 /* ios-xq-finance-appUITests.xctest */,
			);
			name = Products;
			sourceTree = "<group>";
		};
		6E997DDB70B526E9FDFA4461 /* Packages */ = {
			isa = PBXGroup;
			children = (
				EB4A4168611A9793B9D509BB /* FinanceCore */,
				905B9071D381918D7C83A1AE /* FitnessCore */,
			);
			name = Packages;
			sourceTree = "<group>";
		};
		79BEFBA43C6E006D455E0472 /* Services */ = {
			isa = PBXGroup;
			children = (
				7C00B059C3B262781C3C203A /* KeychainPortfolioSnapshot.swift */,
				CEC87E882799EE91D19ABC23 /* PersistenceSmokeTestRunner.swift */,
				A07E799CAA9E84379E45BDB0 /* PortfolioStore.swift */,
			);
			path = Services;
			sourceTree = "<group>";
		};
		80FC8780220898A27068C4B0 /* Theme */ = {
			isa = PBXGroup;
			children = (
				7845F28C20A4AAFC233A1CC3 /* XQPalette.swift */,
			);
			path = Theme;
			sourceTree = "<group>";
		};
		AC51796063A86707FBC7D0ED /* App */ = {
			isa = PBXGroup;
			children = (
				AD4B6A59787BAB97B7C2FBB1 /* App.swift */,
				DE2628BB9C63DAC245D5C6B3 /* Assets.xcassets */,
				0329BE508A08A08ACC8274EC /* ExerciseEditorView.swift */,
				0167E525C970344BD56D305A /* FitnessAccessibility.swift */,
				810F592D90DDB2F41D38015B /* FitnessRouter.swift */,
				182B4A45027949E88F38C1B6 /* FitnessViews.swift */,
				BECDCF500E117BF1493C3F22 /* RoutineWorkspaceViews.swift */,
				4122956E4DC4AA5B000B36FF /* SnapshotReportView.swift */,
				2EFA96EC08CE500BD36257AD /* SuperAppAccessibility.swift */,
				C55DCABEC2C9E80108AA07E1 /* XQAccessibilityIdentifier.swift */,
				352C8F11B6FADFA45A217178 /* AssetModel */,
				EAE5D2F4497CC863731F2E56 /* Models */,
				79BEFBA43C6E006D455E0472 /* Services */,
				80FC8780220898A27068C4B0 /* Theme */,
				AF4529A96EDB8872A5BE40D9 /* Utilities */,
				5189536FE8F821DEC1A794B9 /* ViewModels */,
				1F9F9C6FF787D0650DA53423 /* Views */,
			);
			path = App;
			sourceTree = "<group>";
		};
		AF4529A96EDB8872A5BE40D9 /* Utilities */ = {
			isa = PBXGroup;
			children = (
				E9C531B8CEE015148E2BACCC /* Formatting.swift */,
			);
			path = Utilities;
			sourceTree = "<group>";
		};
		EAE5D2F4497CC863731F2E56 /* Models */ = {
			isa = PBXGroup;
			children = (
				8282BAEF16489B1F731B6981 /* AssetCurrency.swift */,
				DA4A4D69C11F55FF32B13079 /* AssetDeckNavigation.swift */,
				70C1D4CBA0D8153A1F40F895 /* AssetSheet.swift */,
				316F1B20A470FAC986A88CE3 /* BuyTransaction.swift */,
				2EAE1137E138D9BC20C57520 /* DisplayCurrency.swift */,
				2B1528EBDD9517DF7E8677D3 /* FinanceAppSummary.swift */,
				02E2A592436C645AACC0D4A2 /* FinanceAsset.swift */,
				9D74C9424D6ADE62CEE8893E /* PortfolioSnapshot.swift */,
				613175C0AB73151BDF098976 /* SwipeDirection.swift */,
				6B8B87970F0B0FFC7BB0A454 /* TransactionSelection.swift */,
			);
			path = Models;
			sourceTree = "<group>";
		};
/* End PBXGroup section */

/* Begin PBXNativeTarget section */
		46C4D7ECF546EEA0070B247C /* ios-xq-finance-appUITests */ = {
			isa = PBXNativeTarget;
			buildConfigurationList = E7AFC468F271BBC6B1F827DE /* Build configuration list for PBXNativeTarget "ios-xq-finance-appUITests" */;
			buildPhases = (
				9E1887A46D8D42513557C6B9 /* Sources */,
				347469A2A6CF7A8BDEA36728 /* Frameworks */,
			);
			buildRules = (
			);
			dependencies = (
				4A2D1D7800B20614D9856270 /* PBXTargetDependency */,
			);
			name = "ios-xq-finance-appUITests";
			packageProductDependencies = (
				D0B2DA7F84CBB7CFC113AAD5 /* XQXCUITestSupport */,
			);
			productName = "ios-xq-finance-appUITests";
			productReference = 812300C42A31FA8950FD2845 /* ios-xq-finance-appUITests.xctest */;
			productType = "com.apple.product-type.bundle.ui-testing";
		};
		90D03B2503EFBC94325DFAE4 /* ios-xq-finance-appTests */ = {
			isa = PBXNativeTarget;
			buildConfigurationList = 51893940A5C1BB9297D76983 /* Build configuration list for PBXNativeTarget "ios-xq-finance-appTests" */;
			buildPhases = (
				3656AE618CB295F76EF6F117 /* Sources */,
			);
			buildRules = (
			);
			dependencies = (
				35162DF83A392480B60CB016 /* PBXTargetDependency */,
			);
			name = "ios-xq-finance-appTests";
			packageProductDependencies = (
			);
			productName = "ios-xq-finance-appTests";
			productReference = DB8E07A435A0CCDD09E9729F /* ios-xq-finance-appTests.xctest */;
			productType = "com.apple.product-type.bundle.unit-test";
		};
		C27FCCEB6FC4AC26D427F0C9 /* ios-xq-finance-app */ = {
			isa = PBXNativeTarget;
			buildConfigurationList = 67A1E73CC1F1429D2634E27A /* Build configuration list for PBXNativeTarget "ios-xq-finance-app" */;
			buildPhases = (
				6C84DA973F44B4730A727276 /* Sources */,
				1AC424388C61E3813A5161B6 /* Resources */,
				6B476DE7D82D47BA3A268431 /* Frameworks */,
			);
			buildRules = (
			);
			dependencies = (
			);
			name = "ios-xq-finance-app";
			packageProductDependencies = (
				2D873678325DDA0966A507BE /* FinanceCore */,
				8DCD7EA80C4BBF538A0CD9C8 /* FitnessCore */,
			);
			productName = "ios-xq-finance-app";
			productReference = 02AF278EAC6A763ED2B8B48D /* ios-xq-finance-app.app */;
			productType = "com.apple.product-type.application";
		};
/* End PBXNativeTarget section */

/* Begin PBXProject section */
		6353B38A5902F3A5D03EC4D3 /* Project object */ = {
			isa = PBXProject;
			attributes = {
				BuildIndependentTargetsInParallel = YES;
				LastUpgradeCheck = 1430;
				TargetAttributes = {
					46C4D7ECF546EEA0070B247C = {
						ProvisioningStyle = Automatic;
						TestTargetID = C27FCCEB6FC4AC26D427F0C9;
					};
					C27FCCEB6FC4AC26D427F0C9 = {
						ProvisioningStyle = Automatic;
					};
				};
			};
			buildConfigurationList = F522C3D64C9C16FFB3BCF2C5 /* Build configuration list for PBXProject "ios-xq-finance-app" */;
			developmentRegion = en;
			hasScannedForEncodings = 0;
			knownRegions = (
				Base,
				en,
			);
			mainGroup = 26D805D9656D94B13FB90ACE;
			minimizedProjectReferenceProxies = 1;
			packageReferences = (
				624A817D92C99C1830D55A7E /* XCRemoteSwiftPackageReference "xq-xcuitest-support" */,
				A0EE53F4810F44CB008C27F1 /* XCLocalSwiftPackageReference "FinanceCore" */,
				F97D29DB587112234B0AA6E8 /* XCLocalSwiftPackageReference "FitnessCore" */,
			);
			preferredProjectObjectVersion = 77;
			productRefGroup = 64D6E97C352362C51EE2943B /* Products */;
			projectDirPath = "";
			projectRoot = "";
			targets = (
				C27FCCEB6FC4AC26D427F0C9 /* ios-xq-finance-app */,
				90D03B2503EFBC94325DFAE4 /* ios-xq-finance-appTests */,
				46C4D7ECF546EEA0070B247C /* ios-xq-finance-appUITests */,
			);
		};
/* End PBXProject section */

/* Begin PBXResourcesBuildPhase section */
		1AC424388C61E3813A5161B6 /* Resources */ = {
			isa = PBXResourcesBuildPhase;
			buildActionMask = 2147483647;
			files = (
				467ECC4C9A251CAD3B0A651F /* Assets.xcassets in Resources */,
			);
			runOnlyForDeploymentPostprocessing = 0;
		};
/* End PBXResourcesBuildPhase section */

/* Begin PBXSourcesBuildPhase section */
		3656AE618CB295F76EF6F117 /* Sources */ = {
			isa = PBXSourcesBuildPhase;
			buildActionMask = 2147483647;
			files = (
				E0A7CB36E87F0D2FA08033CC /* AppTests.swift in Sources */,
				63059736B61092E6FEB59DF7 /* AssetDeckNavigationTests.swift in Sources */,
				10DA5C73754974992F84613D /* BuyLotEditingTests.swift in Sources */,
				326A7019ED731568E605445E /* PortfolioViewModelTests.swift in Sources */,
				C77A38AA3D3DA87958FAD862 /* SuperAppContractTests.swift in Sources */,
			);
			runOnlyForDeploymentPostprocessing = 0;
		};
		6C84DA973F44B4730A727276 /* Sources */ = {
			isa = PBXSourcesBuildPhase;
			buildActionMask = 2147483647;
			files = (
				382F28FFC08CE9145D659820 /* AddAssetSheet.swift in Sources */,
				C060250CED5EE3FB5E9473A1 /* App.swift in Sources */,
				1CE667373FF3E7FC816C6177 /* AssetCardView.swift in Sources */,
				B3FB4CFC2DE85BA20B5AE320 /* AssetCurrency.swift in Sources */,
				F614B568901EE9EC0F0ADE4A /* AssetDeckNavigation.swift in Sources */,
				3A1011EAA1990E201A314F7D /* AssetDeckView.swift in Sources */,
				2055BA65FBA11D13285D762F /* AssetIconView.swift in Sources */,
				493009F225460AF74C919EBF /* AssetModelViews.swift in Sources */,
				02FA8CA62A48D77EE084ECFA /* AssetSheet.swift in Sources */,
				BAA08DE3F32D3AD18B49E150 /* BuyLotEditorSheet.swift in Sources */,
				EECF56ABAEF36B4AA1EF3E59 /* BuyTransaction.swift in Sources */,
				E406B3E44CD3B6F6743A3124 /* ContentView.swift in Sources */,
				93DCCCD337A96CB747EBCE17 /* CurrencyToggleView.swift in Sources */,
				389DC559D11BB1FAC589BDD6 /* DisplayCurrency.swift in Sources */,
				35124CB0205B7E5177F311B2 /* EmptyPortfolioView.swift in Sources */,
				52329CE01189B9B49B78102F /* ExchangeRateEditorView.swift in Sources */,
				7D458380F0A6A9AED55655C1 /* ExchangeRateSheet.swift in Sources */,
				8D84EFA8C1BBC750CBAB7CA6 /* ExerciseEditorView.swift in Sources */,
				6A84DA9EAA9502C6DA0E426B /* FinanceAccessibility.swift in Sources */,
				DD0116A1D1E73FF537E4B219 /* FinanceAppSummary.swift in Sources */,
				FAB36DC49724C7766F0CA880 /* FinanceAsset.swift in Sources */,
				8B08D76CDBB518F3026166ED /* FitnessAccessibility.swift in Sources */,
				079D4F500DBB53D01EEED27D /* FitnessRouter.swift in Sources */,
				EF88CFEACD19651E7CECE8A7 /* FitnessViews.swift in Sources */,
				1C68DDF3B8023DDC1C6CA75A /* Formatting.swift in Sources */,
				DD50EE2B5EE1BB085F58822F /* HeaderView.swift in Sources */,
				9AE911466CD6BCDE9BE2FDB1 /* KeychainPortfolioSnapshot.swift in Sources */,
				27F1DE3B7268A7888F788B50 /* PersistenceSmokeTestRunner.swift in Sources */,
				F2BF486A613189B520458215 /* PortfolioSnapshot.swift in Sources */,
				0E1264644F6DBC28ADE7B953 /* PortfolioStore.swift in Sources */,
				1D4248640C83F22A42935316 /* PortfolioSummaryView.swift in Sources */,
				5E2EDE6111ED45B9C2DE1A88 /* PortfolioViewModel.swift in Sources */,
				0F11AD792A861DA40B24BAB4 /* PriceEditorSheet.swift in Sources */,
				01778397081A214106C4673D /* RoutineWorkspaceViews.swift in Sources */,
				D51B511B64687DA39C3059D3 /* SnapshotReportView.swift in Sources */,
				EA1E544F5811E5E18F40714C /* SuperAppAccessibility.swift in Sources */,
				5D649CF2A77530E044A802B0 /* SwipeDirection.swift in Sources */,
				94EC49E824C4F7C8113B30D5 /* TransactionHeaderRow.swift in Sources */,
				4E549C23CEBB3FF147279AD3 /* TransactionRow.swift in Sources */,
				3B964D59661EA537EBC41819 /* TransactionSelection.swift in Sources */,
				D080E0961EAA7CF743D5C579 /* XQAccessibilityIdentifier.swift in Sources */,
				079A5A7B2D5C514BD7E7D7DA /* XQPalette.swift in Sources */,
			);
			runOnlyForDeploymentPostprocessing = 0;
		};
		9E1887A46D8D42513557C6B9 /* Sources */ = {
			isa = PBXSourcesBuildPhase;
			buildActionMask = 2147483647;
			files = (
				E1428E9CB0F1778B8498E0A9 /* AssetModelE2ETests.swift in Sources */,
				2F76FA0DE387F826D99FA374 /* AssetModelScreens.swift in Sources */,
				F5B1E6FC5101F7FA8C058331 /* ExerciseEditorValidationTests.swift in Sources */,
				8C5D7F0754BA0E669DAF0BF6 /* FitnessAccessibility.swift in Sources */,
				7B0F113AAC9CDFCE01C49A64 /* FitnessTestApplication.swift in Sources */,
				3483ACEEB92FC6C52CB1D047 /* MultiDayExerciseTests.swift in Sources */,
				B14D22F9FA86F29154195E4D /* RoutineEditorScreen.swift in Sources */,
				FE903E83DEA60C8EE96BB93E /* RoutineEditorValidationTests.swift in Sources */,
				8C4EBDB26C1597F5229A1597 /* RoutineLifecycleTests.swift in Sources */,
				B343746F0BA6B6455074F73A /* RoutineListScreen.swift in Sources */,
				CE541F2D08661B4E605B9FE0 /* RoutineListTests.swift in Sources */,
				DBF5B1D84382AD747067D22F /* RoutineWorkspaceScreen.swift in Sources */,
				221B0215C80032927EBC8D14 /* SevenDaySnapshotTests.swift in Sources */,
				A5D5554490584F6FA57D424C /* SnapshotMaintainedProgressTests.swift in Sources */,
				FA44498ECAAD8D581C90BB5E /* SuperAppAccessibility.swift in Sources */,
				E3D97BBF5D9AFA7D2093823E /* SuperAppShellTests.swift in Sources */,
				A9A07FC67A3BDA4D0782FF09 /* TestApplication.swift in Sources */,
				B1C8ACBC93FE8AFCFE61CBE0 /* XQAccessibilityIdentifier.swift in Sources */,
			);
			runOnlyForDeploymentPostprocessing = 0;
		};
/* End PBXSourcesBuildPhase section */

/* Begin PBXTargetDependency section */
		35162DF83A392480B60CB016 /* PBXTargetDependency */ = {
			isa = PBXTargetDependency;
			target = C27FCCEB6FC4AC26D427F0C9 /* ios-xq-finance-app */;
			targetProxy = 413CCD0D9DBCA3F9BEEF371B /* PBXContainerItemProxy */;
		};
		4A2D1D7800B20614D9856270 /* PBXTargetDependency */ = {
			isa = PBXTargetDependency;
			target = C27FCCEB6FC4AC26D427F0C9 /* ios-xq-finance-app */;
			targetProxy = E98C6A9AE0C298E33A2379F9 /* PBXContainerItemProxy */;
		};
/* End PBXTargetDependency section */

/* Begin XCBuildConfiguration section */
		0958EF0688F8455060AF8915 /* Debug */ = {
			isa = XCBuildConfiguration;
			buildSettings = {
				BUNDLE_LOADER = "$(TEST_HOST)";
				DEVELOPMENT_TEAM = T99X93V7Y2;
				GENERATE_INFOPLIST_FILE = YES;
				LD_RUNPATH_SEARCH_PATHS = (
					"$(inherited)",
					"@executable_path/Frameworks",
					"@loader_path/Frameworks",
				);
				PRODUCT_BUNDLE_IDENTIFIER = "com.xq.finance.ios-xq-finance-appTests";
				SDKROOT = iphoneos;
				SWIFT_VERSION = 5.10;
				TARGETED_DEVICE_FAMILY = "1,2";
				TEST_HOST = "$(BUILT_PRODUCTS_DIR)/ios-xq-finance-app.app/ios-xq-finance-app";
			};
			name = Debug;
		};
		5EC86C952B8B907229BF0DA9 /* Debug */ = {
			isa = XCBuildConfiguration;
			buildSettings = {
				ALWAYS_SEARCH_USER_PATHS = NO;
				CLANG_ANALYZER_NONNULL = YES;
				CLANG_ANALYZER_NUMBER_OBJECT_CONVERSION = YES_AGGRESSIVE;
				CLANG_CXX_LANGUAGE_STANDARD = "gnu++14";
				CLANG_CXX_LIBRARY = "libc++";
				CLANG_ENABLE_MODULES = YES;
				CLANG_ENABLE_OBJC_ARC = YES;
				CLANG_ENABLE_OBJC_WEAK = YES;
				CLANG_WARN_BLOCK_CAPTURE_AUTORELEASING = YES;
				CLANG_WARN_BOOL_CONVERSION = YES;
				CLANG_WARN_COMMA = YES;
				CLANG_WARN_CONSTANT_CONVERSION = YES;
				CLANG_WARN_DEPRECATED_OBJC_IMPLEMENTATIONS = YES;
				CLANG_WARN_DIRECT_OBJC_ISA_USAGE = YES_ERROR;
				CLANG_WARN_DOCUMENTATION_COMMENTS = YES;
				CLANG_WARN_EMPTY_BODY = YES;
				CLANG_WARN_ENUM_CONVERSION = YES;
				CLANG_WARN_INFINITE_RECURSION = YES;
				CLANG_WARN_INT_CONVERSION = YES;
				CLANG_WARN_NON_LITERAL_NULL_CONVERSION = YES;
				CLANG_WARN_OBJC_IMPLICIT_RETAIN_SELF = YES;
				CLANG_WARN_OBJC_LITERAL_CONVERSION = YES;
				CLANG_WARN_OBJC_ROOT_CLASS = YES_ERROR;
				CLANG_WARN_QUOTED_INCLUDE_IN_FRAMEWORK_HEADER = YES;
				CLANG_WARN_RANGE_LOOP_ANALYSIS = YES;
				CLANG_WARN_STRICT_PROTOTYPES = YES;
				CLANG_WARN_SUSPICIOUS_MOVE = YES;
				CLANG_WARN_UNGUARDED_AVAILABILITY = YES_AGGRESSIVE;
				CLANG_WARN_UNREACHABLE_CODE = YES;
				CLANG_WARN__DUPLICATE_METHOD_MATCH = YES;
				COPY_PHASE_STRIP = NO;
				CURRENT_PROJECT_VERSION = 1;
				DEBUG_INFORMATION_FORMAT = dwarf;
				ENABLE_STRICT_OBJC_MSGSEND = YES;
				ENABLE_TESTABILITY = YES;
				GCC_C_LANGUAGE_STANDARD = gnu11;
				GCC_DYNAMIC_NO_PIC = NO;
				GCC_NO_COMMON_BLOCKS = YES;
				GCC_OPTIMIZATION_LEVEL = 0;
				GCC_PREPROCESSOR_DEFINITIONS = (
					"$(inherited)",
					"DEBUG=1",
				);
				GCC_WARN_64_TO_32_BIT_CONVERSION = YES;
				GCC_WARN_ABOUT_RETURN_TYPE = YES_ERROR;
				GCC_WARN_UNDECLARED_SELECTOR = YES;
				GCC_WARN_UNINITIALIZED_AUTOS = YES_AGGRESSIVE;
				GCC_WARN_UNUSED_FUNCTION = YES;
				GCC_WARN_UNUSED_VARIABLE = YES;
				IPHONEOS_DEPLOYMENT_TARGET = 17.0;
				MARKETING_VERSION = 0.1.0;
				MTL_ENABLE_DEBUG_INFO = INCLUDE_SOURCE;
				MTL_FAST_MATH = YES;
				ONLY_ACTIVE_ARCH = YES;
				PRODUCT_NAME = "$(TARGET_NAME)";
				SDKROOT = iphoneos;
				SWIFT_ACTIVE_COMPILATION_CONDITIONS = DEBUG;
				SWIFT_OPTIMIZATION_LEVEL = "-Onone";
				SWIFT_VERSION = 5.0;
			};
			name = Debug;
		};
		67C4EDAA65363036C4F2B478 /* Release */ = {
			isa = XCBuildConfiguration;
			buildSettings = {
				ALWAYS_SEARCH_USER_PATHS = NO;
				CLANG_ANALYZER_NONNULL = YES;
				CLANG_ANALYZER_NUMBER_OBJECT_CONVERSION = YES_AGGRESSIVE;
				CLANG_CXX_LANGUAGE_STANDARD = "gnu++14";
				CLANG_CXX_LIBRARY = "libc++";
				CLANG_ENABLE_MODULES = YES;
				CLANG_ENABLE_OBJC_ARC = YES;
				CLANG_ENABLE_OBJC_WEAK = YES;
				CLANG_WARN_BLOCK_CAPTURE_AUTORELEASING = YES;
				CLANG_WARN_BOOL_CONVERSION = YES;
				CLANG_WARN_COMMA = YES;
				CLANG_WARN_CONSTANT_CONVERSION = YES;
				CLANG_WARN_DEPRECATED_OBJC_IMPLEMENTATIONS = YES;
				CLANG_WARN_DIRECT_OBJC_ISA_USAGE = YES_ERROR;
				CLANG_WARN_DOCUMENTATION_COMMENTS = YES;
				CLANG_WARN_EMPTY_BODY = YES;
				CLANG_WARN_ENUM_CONVERSION = YES;
				CLANG_WARN_INFINITE_RECURSION = YES;
				CLANG_WARN_INT_CONVERSION = YES;
				CLANG_WARN_NON_LITERAL_NULL_CONVERSION = YES;
				CLANG_WARN_OBJC_IMPLICIT_RETAIN_SELF = YES;
				CLANG_WARN_OBJC_LITERAL_CONVERSION = YES;
				CLANG_WARN_OBJC_ROOT_CLASS = YES_ERROR;
				CLANG_WARN_QUOTED_INCLUDE_IN_FRAMEWORK_HEADER = YES;
				CLANG_WARN_RANGE_LOOP_ANALYSIS = YES;
				CLANG_WARN_STRICT_PROTOTYPES = YES;
				CLANG_WARN_SUSPICIOUS_MOVE = YES;
				CLANG_WARN_UNGUARDED_AVAILABILITY = YES_AGGRESSIVE;
				CLANG_WARN_UNREACHABLE_CODE = YES;
				CLANG_WARN__DUPLICATE_METHOD_MATCH = YES;
				COPY_PHASE_STRIP = NO;
				CURRENT_PROJECT_VERSION = 1;
				DEBUG_INFORMATION_FORMAT = "dwarf-with-dsym";
				ENABLE_NS_ASSERTIONS = NO;
				ENABLE_STRICT_OBJC_MSGSEND = YES;
				GCC_C_LANGUAGE_STANDARD = gnu11;
				GCC_NO_COMMON_BLOCKS = YES;
				GCC_WARN_64_TO_32_BIT_CONVERSION = YES;
				GCC_WARN_ABOUT_RETURN_TYPE = YES_ERROR;
				GCC_WARN_UNDECLARED_SELECTOR = YES;
				GCC_WARN_UNINITIALIZED_AUTOS = YES_AGGRESSIVE;
				GCC_WARN_UNUSED_FUNCTION = YES;
				GCC_WARN_UNUSED_VARIABLE = YES;
				IPHONEOS_DEPLOYMENT_TARGET = 17.0;
				MARKETING_VERSION = 0.1.0;
				MTL_ENABLE_DEBUG_INFO = NO;
				MTL_FAST_MATH = YES;
				PRODUCT_NAME = "$(TARGET_NAME)";
				SDKROOT = iphoneos;
				SWIFT_COMPILATION_MODE = wholemodule;
				SWIFT_OPTIMIZATION_LEVEL = "-O";
				SWIFT_VERSION = 5.0;
			};
			name = Release;
		};
		70636F14D7CE7B1CF05CCB9E /* Debug */ = {
			isa = XCBuildConfiguration;
			buildSettings = {
				BUNDLE_LOADER = "$(TEST_HOST)";
				CODE_SIGN_IDENTITY = "Apple Development";
				CODE_SIGN_STYLE = Automatic;
				DEVELOPMENT_TEAM = T99X93V7Y2;
				GENERATE_INFOPLIST_FILE = YES;
				LD_RUNPATH_SEARCH_PATHS = (
					"$(inherited)",
					"@executable_path/Frameworks",
					"@loader_path/Frameworks",
				);
				PRODUCT_BUNDLE_IDENTIFIER = "com.xq.finance.ios-xq-finance-appUITests";
				PROVISIONING_PROFILE_SPECIFIER = "";
				SDKROOT = iphoneos;
				SWIFT_VERSION = 5.10;
				TARGETED_DEVICE_FAMILY = "1,2";
				TEST_TARGET_NAME = "ios-xq-finance-app";
			};
			name = Debug;
		};
		7AE6F66A84FDFD5CCED1DB20 /* Release */ = {
			isa = XCBuildConfiguration;
			buildSettings = {
				BUNDLE_LOADER = "$(TEST_HOST)";
				DEVELOPMENT_TEAM = T99X93V7Y2;
				GENERATE_INFOPLIST_FILE = YES;
				LD_RUNPATH_SEARCH_PATHS = (
					"$(inherited)",
					"@executable_path/Frameworks",
					"@loader_path/Frameworks",
				);
				PRODUCT_BUNDLE_IDENTIFIER = "com.xq.finance.ios-xq-finance-appTests";
				SDKROOT = iphoneos;
				SWIFT_VERSION = 5.10;
				TARGETED_DEVICE_FAMILY = "1,2";
				TEST_HOST = "$(BUILT_PRODUCTS_DIR)/ios-xq-finance-app.app/ios-xq-finance-app";
			};
			name = Release;
		};
		81B54246098CA9B9E80F1207 /* Debug */ = {
			isa = XCBuildConfiguration;
			buildSettings = {
				ASSETCATALOG_COMPILER_APPICON_NAME = AppIcon;
				CODE_SIGN_IDENTITY = "Apple Development";
				CODE_SIGN_STYLE = Automatic;
				DEVELOPMENT_TEAM = T99X93V7Y2;
				GENERATE_INFOPLIST_FILE = YES;
				INFOPLIST_KEY_UILaunchScreen_Generation = YES;
				INFOPLIST_KEY_UISupportedInterfaceOrientations = "UIInterfaceOrientationPortrait UIInterfaceOrientationLandscapeLeft UIInterfaceOrientationLandscapeRight";
				INFOPLIST_KEY_UISupportedInterfaceOrientations_iPad = "UIInterfaceOrientationPortrait UIInterfaceOrientationPortraitUpsideDown UIInterfaceOrientationLandscapeLeft UIInterfaceOrientationLandscapeRight";
				LD_RUNPATH_SEARCH_PATHS = (
					"$(inherited)",
					"@executable_path/Frameworks",
				);
				PRODUCT_BUNDLE_IDENTIFIER = "com.xq.finance.ios-xq-finance-app";
				PROVISIONING_PROFILE_SPECIFIER = "";
				SDKROOT = iphoneos;
				SWIFT_VERSION = 5.10;
				TARGETED_DEVICE_FAMILY = "1,2";
			};
			name = Debug;
		};
		CCB686D8A9251377511A9044 /* Release */ = {
			isa = XCBuildConfiguration;
			buildSettings = {
				ASSETCATALOG_COMPILER_APPICON_NAME = AppIcon;
				CODE_SIGN_IDENTITY = "Apple Development";
				CODE_SIGN_STYLE = Automatic;
				DEVELOPMENT_TEAM = T99X93V7Y2;
				GENERATE_INFOPLIST_FILE = YES;
				INFOPLIST_KEY_UILaunchScreen_Generation = YES;
				INFOPLIST_KEY_UISupportedInterfaceOrientations = "UIInterfaceOrientationPortrait UIInterfaceOrientationLandscapeLeft UIInterfaceOrientationLandscapeRight";
				INFOPLIST_KEY_UISupportedInterfaceOrientations_iPad = "UIInterfaceOrientationPortrait UIInterfaceOrientationPortraitUpsideDown UIInterfaceOrientationLandscapeLeft UIInterfaceOrientationLandscapeRight";
				LD_RUNPATH_SEARCH_PATHS = (
					"$(inherited)",
					"@executable_path/Frameworks",
				);
				PRODUCT_BUNDLE_IDENTIFIER = "com.xq.finance.ios-xq-finance-app";
				PROVISIONING_PROFILE_SPECIFIER = "";
				SDKROOT = iphoneos;
				SWIFT_VERSION = 5.10;
				TARGETED_DEVICE_FAMILY = "1,2";
			};
			name = Release;
		};
		E5EFC5A23F228BD30B3EDC83 /* Release */ = {
			isa = XCBuildConfiguration;
			buildSettings = {
				BUNDLE_LOADER = "$(TEST_HOST)";
				CODE_SIGN_IDENTITY = "Apple Development";
				CODE_SIGN_STYLE = Automatic;
				DEVELOPMENT_TEAM = T99X93V7Y2;
				GENERATE_INFOPLIST_FILE = YES;
				LD_RUNPATH_SEARCH_PATHS = (
					"$(inherited)",
					"@executable_path/Frameworks",
					"@loader_path/Frameworks",
				);
				PRODUCT_BUNDLE_IDENTIFIER = "com.xq.finance.ios-xq-finance-appUITests";
				PROVISIONING_PROFILE_SPECIFIER = "";
				SDKROOT = iphoneos;
				SWIFT_VERSION = 5.10;
				TARGETED_DEVICE_FAMILY = "1,2";
				TEST_TARGET_NAME = "ios-xq-finance-app";
			};
			name = Release;
		};
/* End XCBuildConfiguration section */

/* Begin XCConfigurationList section */
		51893940A5C1BB9297D76983 /* Build configuration list for PBXNativeTarget "ios-xq-finance-appTests" */ = {
			isa = XCConfigurationList;
			buildConfigurations = (
				0958EF0688F8455060AF8915 /* Debug */,
				7AE6F66A84FDFD5CCED1DB20 /* Release */,
			);
			defaultConfigurationIsVisible = 0;
			defaultConfigurationName = Debug;
		};
		67A1E73CC1F1429D2634E27A /* Build configuration list for PBXNativeTarget "ios-xq-finance-app" */ = {
			isa = XCConfigurationList;
			buildConfigurations = (
				81B54246098CA9B9E80F1207 /* Debug */,
				CCB686D8A9251377511A9044 /* Release */,
			);
			defaultConfigurationIsVisible = 0;
			defaultConfigurationName = Debug;
		};
		E7AFC468F271BBC6B1F827DE /* Build configuration list for PBXNativeTarget "ios-xq-finance-appUITests" */ = {
			isa = XCConfigurationList;
			buildConfigurations = (
				70636F14D7CE7B1CF05CCB9E /* Debug */,
				E5EFC5A23F228BD30B3EDC83 /* Release */,
			);
			defaultConfigurationIsVisible = 0;
			defaultConfigurationName = Debug;
		};
		F522C3D64C9C16FFB3BCF2C5 /* Build configuration list for PBXProject "ios-xq-finance-app" */ = {
			isa = XCConfigurationList;
			buildConfigurations = (
				5EC86C952B8B907229BF0DA9 /* Debug */,
				67C4EDAA65363036C4F2B478 /* Release */,
			);
			defaultConfigurationIsVisible = 0;
			defaultConfigurationName = Debug;
		};
/* End XCConfigurationList section */

/* Begin XCLocalSwiftPackageReference section */
		A0EE53F4810F44CB008C27F1 /* XCLocalSwiftPackageReference "FinanceCore" */ = {
			isa = XCLocalSwiftPackageReference;
			relativePath = FinanceCore;
		};
		F97D29DB587112234B0AA6E8 /* XCLocalSwiftPackageReference "FitnessCore" */ = {
			isa = XCLocalSwiftPackageReference;
			relativePath = FitnessCore;
		};
/* End XCLocalSwiftPackageReference section */

/* Begin XCRemoteSwiftPackageReference section */
		624A817D92C99C1830D55A7E /* XCRemoteSwiftPackageReference "xq-xcuitest-support" */ = {
			isa = XCRemoteSwiftPackageReference;
			repositoryURL = "https://github.com/ExperienceQuality/xq-xcuitest-support.git";
			requirement = {
				kind = exactVersion;
				version = 0.1.0;
			};
		};
/* End XCRemoteSwiftPackageReference section */

/* Begin XCSwiftPackageProductDependency section */
		2D873678325DDA0966A507BE /* FinanceCore */ = {
			isa = XCSwiftPackageProductDependency;
			productName = FinanceCore;
		};
		8DCD7EA80C4BBF538A0CD9C8 /* FitnessCore */ = {
			isa = XCSwiftPackageProductDependency;
			productName = FitnessCore;
		};
		D0B2DA7F84CBB7CFC113AAD5 /* XQXCUITestSupport */ = {
			isa = XCSwiftPackageProductDependency;
			package = 624A817D92C99C1830D55A7E /* XCRemoteSwiftPackageReference "xq-xcuitest-support" */;
			productName = XQXCUITestSupport;
		};
/* End XCSwiftPackageProductDependency section */
	};
	rootObject = 6353B38A5902F3A5D03EC4D3 /* Project object */;
}
